
Microsoft Visual Studio Solution File, Format Version 12.00
# Visual Studio 14
VisualStudioVersion = 14.0.25420.1
MinimumVisualStudioVersion = 10.0.40219.1
Project("{FAE04EC0-301F-11D3-BF4B-00C04F79EFBC}") = "UIDesign", "UIDesign\UIDesign.csproj", "{18134C06-CF32-44B3-879A-769364088693}"
EndProject
Project("{FAE04EC0-301F-11D3-BF4B-00C04F79EFBC}") = "GameCenter.Library.Interfaces", "GameCenter.Library.Interfaces\GameCenter.Library.Interfaces.csproj", "{D88D15E0-5A8F-46D8-BA75-63C74A711C19}"
EndProject
Project("{2150E333-8FDC-42A3-9474-1A3956D46DE8}") = "Common", "Common", "{B9D566C4-8CE6-4EEF-9894-A309539E0AD1}"
EndProject
Project("{FAE04EC0-301F-11D3-BF4B-00C04F79EFBC}") = "GameCenter.Store.Interfaces", "GameCenter.Store.Interfaces\GameCenter.Store.Interfaces.csproj", "{2B7AFD2D-B1D2-4728-BBD7-728C8D696B06}"
EndProject
Project("{FAE04EC0-301F-11D3-BF4B-00C04F79EFBC}") = "GameCenter.Encouragement.Interfaces", "GameCenter.Encouragement.Interfaces\GameCenter.Encouragement.Interfaces.csproj", "{AE3585FF-9FA6-40C3-936A-3E96B4029E7E}"
EndProject
Project("{FAE04EC0-301F-11D3-BF4B-00C04F79EFBC}") = "GameCenter.Enhancement.Interfaces", "GameCenter.Enhancement.Interfaces\GameCenter.Enhancement.Interfaces.csproj", "{FC474D68-A8CD-4A16-8FCC-F9607341F649}"
EndProject
Project("{2150E333-8FDC-42A3-9474-1A3956D46DE8}") = "FunctionCore", "FunctionCore", "{1D71314A-566C-4834-ADEC-3ECCB5B588BA}"
EndProject
Project("{2150E333-8FDC-42A3-9474-1A3956D46DE8}") = "UI", "UI", "{D6A0642B-EF0D-40F4-8179-F0D3D7FA9AC7}"
EndProject
Project("{FAE04EC0-301F-11D3-BF4B-00C04F79EFBC}") = "GameCenter", "GameCenter\GameCenter.csproj", "{4EB7EB6D-F3AD-4540-9CF2-89DB177993B2}"
EndProject
Project("{FAE04EC0-301F-11D3-BF4B-00C04F79EFBC}") = "GameCenter.UI", "GameCenter.UI\GameCenter.UI.csproj", "{FE409E7B-3D76-4D61-B756-ABFA456A4D94}"
EndProject
Project("{FAE04EC0-301F-11D3-BF4B-00C04F79EFBC}") = "GameCenter.UIInfrustructure", "GameCenter.UIInfrustructure\GameCenter.UIInfrustructure.csproj", "{F4A7A7F2-4CB1-4399-ACD6-43CA34A94432}"
EndProject
Project("{FAE04EC0-301F-11D3-BF4B-00C04F79EFBC}") = "GameCenter.Library", "GameCenter.Library\GameCenter.Library.csproj", "{A1218B80-19B0-4C4D-83AF-DAE4F7584478}"
EndProject
Project("{FAE04EC0-301F-11D3-BF4B-00C04F79EFBC}") = "GameCenter.Store", "GameCenter.Store\GameCenter.Store.csproj", "{0CCC316F-35A0-4DA2-B671-0D737252B7B5}"
EndProject
Project("{FAE04EC0-301F-11D3-BF4B-00C04F79EFBC}") = "GameCenter.Enhancement", "GameCenter.Enhancement\GameCenter.Enhancement.csproj", "{5335EE75-1F1D-448C-8DA4-0A3BA88F4557}"
EndProject
Project("{FAE04EC0-301F-11D3-BF4B-00C04F79EFBC}") = "GameCenter.Encouragement", "GameCenter.Encouragement\GameCenter.Encouragement.csproj", "{C02FBD5D-959A-4E56-A4CE-4976D7D1B66B}"
EndProject
Project("{FAE04EC0-301F-11D3-BF4B-00C04F79EFBC}") = "AppCore", "AppCore\AppCore.csproj", "{F37740D6-A6D1-42B0-94CC-1B522076384A}"
EndProject
Project("{2150E333-8FDC-42A3-9474-1A3956D46DE8}") = "Test", "Test", "{FCC2DB64-1C3F-49B4-A2A2-BE92A8392599}"
EndProject
Project("{FAE04EC0-301F-11D3-BF4B-00C04F79EFBC}") = "AppCore.UnitTest", "AppCore.UnitTest\AppCore.UnitTest.csproj", "{46413D1E-4FFD-4E3E-9C70-593CFC84D01C}"
EndProject
Project("{FAE04EC0-301F-11D3-BF4B-00C04F79EFBC}") = "TestConsole", "TestConsole\TestConsole.csproj", "{DE85ED16-444D-4DA1-A260-96C5FF22F6B7}"
EndProject
Global
	GlobalSection(SolutionConfigurationPlatforms) = preSolution
		Debug|Any CPU = Debug|Any CPU
		Release|Any CPU = Release|Any CPU
	EndGlobalSection
	GlobalSection(ProjectConfigurationPlatforms) = postSolution
		{18134C06-CF32-44B3-879A-769364088693}.Debug|Any CPU.ActiveCfg = Debug|Any CPU
		{18134C06-CF32-44B3-879A-769364088693}.Debug|Any CPU.Build.0 = Debug|Any CPU
		{18134C06-CF32-44B3-879A-769364088693}.Release|Any CPU.ActiveCfg = Release|Any CPU
		{18134C06-CF32-44B3-879A-769364088693}.Release|Any CPU.Build.0 = Release|Any CPU
		{D88D15E0-5A8F-46D8-BA75-63C74A711C19}.Debug|Any CPU.ActiveCfg = Debug|Any CPU
		{D88D15E0-5A8F-46D8-BA75-63C74A711C19}.Debug|Any CPU.Build.0 = Debug|Any CPU
		{D88D15E0-5A8F-46D8-BA75-63C74A711C19}.Release|Any CPU.ActiveCfg = Release|Any CPU
		{D88D15E0-5A8F-46D8-BA75-63C74A711C19}.Release|Any CPU.Build.0 = Release|Any CPU
		{2B7AFD2D-B1D2-4728-BBD7-728C8D696B06}.Debug|Any CPU.ActiveCfg = Debug|Any CPU
		{2B7AFD2D-B1D2-4728-BBD7-728C8D696B06}.Debug|Any CPU.Build.0 = Debug|Any CPU
		{2B7AFD2D-B1D2-4728-BBD7-728C8D696B06}.Release|Any CPU.ActiveCfg = Release|Any CPU
		{2B7AFD2D-B1D2-4728-BBD7-728C8D696B06}.Release|Any CPU.Build.0 = Release|Any CPU
		{AE3585FF-9FA6-40C3-936A-3E96B4029E7E}.Debug|Any CPU.ActiveCfg = Debug|Any CPU
		{AE3585FF-9FA6-40C3-936A-3E96B4029E7E}.Debug|Any CPU.Build.0 = Debug|Any CPU
		{AE3585FF-9FA6-40C3-936A-3E96B4029E7E}.Release|Any CPU.ActiveCfg = Release|Any CPU
		{AE3585FF-9FA6-40C3-936A-3E96B4029E7E}.Release|Any CPU.Build.0 = Release|Any CPU
		{FC474D68-A8CD-4A16-8FCC-F9607341F649}.Debug|Any CPU.ActiveCfg = Debug|Any CPU
		{FC474D68-A8CD-4A16-8FCC-F9607341F649}.Debug|Any CPU.Build.0 = Debug|Any CPU
		{FC474D68-A8CD-4A16-8FCC-F9607341F649}.Release|Any CPU.ActiveCfg = Release|Any CPU
		{FC474D68-A8CD-4A16-8FCC-F9607341F649}.Release|Any CPU.Build.0 = Release|Any CPU
		{4EB7EB6D-F3AD-4540-9CF2-89DB177993B2}.Debug|Any CPU.ActiveCfg = Debug|Any CPU
		{4EB7EB6D-F3AD-4540-9CF2-89DB177993B2}.Debug|Any CPU.Build.0 = Debug|Any CPU
		{4EB7EB6D-F3AD-4540-9CF2-89DB177993B2}.Release|Any CPU.ActiveCfg = Release|Any CPU
		{4EB7EB6D-F3AD-4540-9CF2-89DB177993B2}.Release|Any CPU.Build.0 = Release|Any CPU
		{FE409E7B-3D76-4D61-B756-ABFA456A4D94}.Debug|Any CPU.ActiveCfg = Debug|Any CPU
		{FE409E7B-3D76-4D61-B756-ABFA456A4D94}.Debug|Any CPU.Build.0 = Debug|Any CPU
		{FE409E7B-3D76-4D61-B756-ABFA456A4D94}.Release|Any CPU.ActiveCfg = Release|Any CPU
		{FE409E7B-3D76-4D61-B756-ABFA456A4D94}.Release|Any CPU.Build.0 = Release|Any CPU
		{F4A7A7F2-4CB1-4399-ACD6-43CA34A94432}.Debug|Any CPU.ActiveCfg = Debug|Any CPU
		{F4A7A7F2-4CB1-4399-ACD6-43CA34A94432}.Debug|Any CPU.Build.0 = Debug|Any CPU
		{F4A7A7F2-4CB1-4399-ACD6-43CA34A94432}.Release|Any CPU.ActiveCfg = Release|Any CPU
		{F4A7A7F2-4CB1-4399-ACD6-43CA34A94432}.Release|Any CPU.Build.0 = Release|Any CPU
		{A1218B80-19B0-4C4D-83AF-DAE4F7584478}.Debug|Any CPU.ActiveCfg = Debug|Any CPU
		{A1218B80-19B0-4C4D-83AF-DAE4F7584478}.Debug|Any CPU.Build.0 = Debug|Any CPU
		{A1218B80-19B0-4C4D-83AF-DAE4F7584478}.Release|Any CPU.ActiveCfg = Release|Any CPU
		{A1218B80-19B0-4C4D-83AF-DAE4F7584478}.Release|Any CPU.Build.0 = Release|Any CPU
		{0CCC316F-35A0-4DA2-B671-0D737252B7B5}.Debug|Any CPU.ActiveCfg = Debug|Any CPU
		{0CCC316F-35A0-4DA2-B671-0D737252B7B5}.Debug|Any CPU.Build.0 = Debug|Any CPU
		{0CCC316F-35A0-4DA2-B671-0D737252B7B5}.Release|Any CPU.ActiveCfg = Release|Any CPU
		{0CCC316F-35A0-4DA2-B671-0D737252B7B5}.Release|Any CPU.Build.0 = Release|Any CPU
		{5335EE75-1F1D-448C-8DA4-0A3BA88F4557}.Debug|Any CPU.ActiveCfg = Debug|Any CPU
		{5335EE75-1F1D-448C-8DA4-0A3BA88F4557}.Debug|Any CPU.Build.0 = Debug|Any CPU
		{5335EE75-1F1D-448C-8DA4-0A3BA88F4557}.Release|Any CPU.ActiveCfg = Release|Any CPU
		{5335EE75-1F1D-448C-8DA4-0A3BA88F4557}.Release|Any CPU.Build.0 = Release|Any CPU
		{C02FBD5D-959A-4E56-A4CE-4976D7D1B66B}.Debug|Any CPU.ActiveCfg = Debug|Any CPU
		{C02FBD5D-959A-4E56-A4CE-4976D7D1B66B}.Debug|Any CPU.Build.0 = Debug|Any CPU
		{C02FBD5D-959A-4E56-A4CE-4976D7D1B66B}.Release|Any CPU.ActiveCfg = Release|Any CPU
		{C02FBD5D-959A-4E56-A4CE-4976D7D1B66B}.Release|Any CPU.Build.0 = Release|Any CPU
		{F37740D6-A6D1-42B0-94CC-1B522076384A}.Debug|Any CPU.ActiveCfg = Debug|Any CPU
		{F37740D6-A6D1-42B0-94CC-1B522076384A}.Debug|Any CPU.Build.0 = Debug|Any CPU
		{F37740D6-A6D1-42B0-94CC-1B522076384A}.Release|Any CPU.ActiveCfg = Release|Any CPU
		{F37740D6-A6D1-42B0-94CC-1B522076384A}.Release|Any CPU.Build.0 = Release|Any CPU
		{46413D1E-4FFD-4E3E-9C70-593CFC84D01C}.Debug|Any CPU.ActiveCfg = Debug|Any CPU
		{46413D1E-4FFD-4E3E-9C70-593CFC84D01C}.Debug|Any CPU.Build.0 = Debug|Any CPU
		{46413D1E-4FFD-4E3E-9C70-593CFC84D01C}.Release|Any CPU.ActiveCfg = Release|Any CPU
		{46413D1E-4FFD-4E3E-9C70-593CFC84D01C}.Release|Any CPU.Build.0 = Release|Any CPU
		{DE85ED16-444D-4DA1-A260-96C5FF22F6B7}.Debug|Any CPU.ActiveCfg = Debug|Any CPU
		{DE85ED16-444D-4DA1-A260-96C5FF22F6B7}.Debug|Any CPU.Build.0 = Debug|Any CPU
		{DE85ED16-444D-4DA1-A260-96C5FF22F6B7}.Release|Any CPU.ActiveCfg = Release|Any CPU
		{DE85ED16-444D-4DA1-A260-96C5FF22F6B7}.Release|Any CPU.Build.0 = Release|Any CPU
	EndGlobalSection
	GlobalSection(SolutionProperties) = preSolution
		HideSolutionNode = FALSE
	EndGlobalSection
	GlobalSection(NestedProjects) = preSolution
		{D88D15E0-5A8F-46D8-BA75-63C74A711C19} = {B9D566C4-8CE6-4EEF-9894-A309539E0AD1}
		{2B7AFD2D-B1D2-4728-BBD7-728C8D696B06} = {B9D566C4-8CE6-4EEF-9894-A309539E0AD1}
		{AE3585FF-9FA6-40C3-936A-3E96B4029E7E} = {B9D566C4-8CE6-4EEF-9894-A309539E0AD1}
		{FC474D68-A8CD-4A16-8FCC-F9607341F649} = {B9D566C4-8CE6-4EEF-9894-A309539E0AD1}
		{FE409E7B-3D76-4D61-B756-ABFA456A4D94} = {D6A0642B-EF0D-40F4-8179-F0D3D7FA9AC7}
		{F4A7A7F2-4CB1-4399-ACD6-43CA34A94432} = {D6A0642B-EF0D-40F4-8179-F0D3D7FA9AC7}
		{A1218B80-19B0-4C4D-83AF-DAE4F7584478} = {1D71314A-566C-4834-ADEC-3ECCB5B588BA}
		{0CCC316F-35A0-4DA2-B671-0D737252B7B5} = {1D71314A-566C-4834-ADEC-3ECCB5B588BA}
		{5335EE75-1F1D-448C-8DA4-0A3BA88F4557} = {1D71314A-566C-4834-ADEC-3ECCB5B588BA}
		{C02FBD5D-959A-4E56-A4CE-4976D7D1B66B} = {1D71314A-566C-4834-ADEC-3ECCB5B588BA}
		{F37740D6-A6D1-42B0-94CC-1B522076384A} = {B9D566C4-8CE6-4EEF-9894-A309539E0AD1}
		{46413D1E-4FFD-4E3E-9C70-593CFC84D01C} = {FCC2DB64-1C3F-49B4-A2A2-BE92A8392599}
	EndGlobalSection
EndGlobal
